// !$*UTF8*$!
{
	archiveVersion = 1;
	classes = {
	};
	objectVersion = 77;
	objects = {

/* Begin PBXBuildFile section */
		1D9D4A5B2D42135A00B2202C /* OSCKit in Frameworks */ = {isa = PBXBuildFile; productRef = 1D9D4A5A2D42135A00B2202C /* OSCKit */; };
		1DBD36F32D3F345E0042B3A0 /* OSCKit in Frameworks */ = {isa = PBXBuildFile; productRef = 1DBD36F22D3F345E0042B3A0 /* OSCKit */; };
		1DBD36F52D3F345E0042B3A0 /* OSCKitCore in Frameworks */ = {isa = PBXBuildFile; productRef = 1DBD36F42D3F345E0042B3A0 /* OSCKitCore */; };
		1DF9F9942D4166ED009CA821 /* OSCKit in Frameworks */ = {isa = PBXBuildFile; productRef = 1DF9F9932D4166ED009CA821 /* OSCKit */; };
		1DF9F9962D4166ED009CA821 /* OSCKitCore in Frameworks */ = {isa = PBXBuildFile; productRef = 1DF9F9952D4166ED009CA821 /* OSCKitCore */; };
/* End PBXBuildFile section */

/* Begin PBXContainerItemProxy section */
		1DBD36B52D3E0CE50042B3A0 /* PBXContainerItemProxy */ = {
			isa = PBXContainerItemProxy;
			containerPortal = 1DBD369B2D3E0CE40042B3A0 /* Project object */;
			proxyType = 1;
			remoteGlobalIDString = 1DBD36A22D3E0CE40042B3A0;
			remoteInfo = CactOLED;
		};
		1DBD36BF2D3E0CE50042B3A0 /* PBXContainerItemProxy */ = {
			isa = PBXContainerItemProxy;
			containerPortal = 1DBD369B2D3E0CE40042B3A0 /* Project object */;
			proxyType = 1;
			remoteGlobalIDString = 1DBD36A22D3E0CE40042B3A0;
			remoteInfo = CactOLED;
		};
/* End PBXContainerItemProxy section */

/* Begin PBXFileReference section */
		1DBD36A32D3E0CE40042B3A0 /* CactOLED.app */ = {isa = PBXFileReference; explicitFileType = wrapper.application; includeInIndex = 0; path = CactOLED.app; sourceTree = BUILT_PRODUCTS_DIR; };
		1DBD36B42D3E0CE50042B3A0 /* CactOLEDTests.xctest */ = {isa = PBXFileReference; explicitFileType = wrapper.cfbundle; includeInIndex = 0; path = CactOLEDTests.xctest; sourceTree = BUILT_PRODUCTS_DIR; };
		1DBD36BE2D3E0CE50042B3A0 /* CactOLEDUITests.xctest */ = {isa = PBXFileReference; explicitFileType = wrapper.cfbundle; includeInIndex = 0; path = CactOLEDUITests.xctest; sourceTree = BUILT_PRODUCTS_DIR; };
/* End PBXFileReference section */

/* Begin PBXFileSystemSynchronizedBuildFileExceptionSet section */
		1DBD36F92D3F517E0042B3A0 /* Exceptions for "CactOLED" folder in "CactOLED" target */ = {
			isa = PBXFileSystemSynchronizedBuildFileExceptionSet;
			membershipExceptions = (
				Info.plist,
			);
			target = 1DBD36A22D3E0CE40042B3A0 /* CactOLED */;
		};
/* End PBXFileSystemSynchronizedBuildFileExceptionSet section */

/* Begin PBXFileSystemSynchronizedRootGroup section */
		1DBD36A52D3E0CE40042B3A0 /* CactOLED */ = {
			isa = PBXFileSystemSynchronizedRootGroup;
			exceptions = (
				1DBD36F92D3F517E0042B3A0 /* Exceptions for "CactOLED" folder in "CactOLED" target */,
			);
			path = CactOLED;
			sourceTree = "<group>";
		};
		1DBD36B72D3E0CE50042B3A0 /* CactOLEDTests */ = {
			isa = PBXFileSystemSynchronizedRootGroup;
			path = CactOLEDTests;
			sourceTree = "<group>";
		};
		1DBD36C12D3E0CE50042B3A0 /* CactOLEDUITests */ = {
			isa = PBXFileSystemSynchronizedRootGroup;
			path = CactOLEDUITests;
			sourceTree = "<group>";
		};
/* End PBXFileSystemSynchronizedRootGroup section */

/* Begin PBXFrameworksBuildPhase section */
		1DBD36A02D3E0CE40042B3A0 /* Frameworks */ = {
			isa = PBXFrameworksBuildPhase;
			buildActionMask = 2147483647;
			files = (
				1D9D4A5B2D42135A00B2202C /* OSCKit in Frameworks */,
				1DF9F9962D4166ED009CA821 /* OSCKitCore in Frameworks */,
				1DBD36F52D3F345E0042B3A0 /* OSCKitCore in Frameworks */,
				1DF9F9942D4166ED009CA821 /* OSCKit in Frameworks */,
				1DBD36F32D3F345E0042B3A0 /* OSCKit in Frameworks */,
			);
			runOnlyForDeploymentPostprocessing = 0;
		};
		1DBD36B12D3E0CE50042B3A0 /* Frameworks */ = {
			isa = PBXFrameworksBuildPhase;
			buildActionMask = 2147483647;
			files = (
			);
			runOnlyForDeploymentPostprocessing = 0;
		};
		1DBD36BB2D3E0CE50042B3A0 /* Frameworks */ = {
			isa = PBXFrameworksBuildPhase;
			buildActionMask = 2147483647;
			files = (
			);
			runOnlyForDeploymentPostprocessing = 0;
		};
/* End PBXFrameworksBuildPhase section */

/* Begin PBXGroup section */
		1DBD369A2D3E0CE40042B3A0 = {
			isa = PBXGroup;
			children = (
				1DBD36A52D3E0CE40042B3A0 /* CactOLED */,
				1DBD36B72D3E0CE50042B3A0 /* CactOLEDTests */,
				1DBD36C12D3E0CE50042B3A0 /* CactOLEDUITests */,
				1DBD36A42D3E0CE40042B3A0 /* Products */,
			);
			sourceTree = "<group>";
		};
		1DBD36A42D3E0CE40042B3A0 /* Products */ = {
			isa = PBXGroup;
			children = (
				1DBD36A32D3E0CE40042B3A0 /* CactOLED.app */,
				1DBD36B42D3E0CE50042B3A0 /* CactOLEDTests.xctest */,
				1DBD36BE2D3E0CE50042B3A0 /* CactOLEDUITests.xctest */,
			);
			name = Products;
			sourceTree = "<group>";
		};
/* End PBXGroup section */

/* Begin PBXNativeTarget section */
		1DBD36A22D3E0CE40042B3A0 /* CactOLED */ = {
			isa = PBXNativeTarget;
			buildConfigurationList = 1DBD36C82D3E0CE50042B3A0 /* Build configuration list for PBXNativeTarget "CactOLED" */;
			buildPhases = (
				1DBD369F2D3E0CE40042B3A0 /* Sources */,
				1DBD36A02D3E0CE40042B3A0 /* Frameworks */,
				1DBD36A12D3E0CE40042B3A0 /* Resources */,
			);
			buildRules = (
			);
			dependencies = (
			);
			fileSystemSynchronizedGroups = (
				1DBD36A52D3E0CE40042B3A0 /* CactOLED */,
			);
			name = CactOLED;
			packageProductDependencies = (
				1DBD36F22D3F345E0042B3A0 /* OSCKit */,
				1DBD36F42D3F345E0042B3A0 /* OSCKitCore */,
				1DF9F9932D4166ED009CA821 /* OSCKit */,
				1DF9F9952D4166ED009CA821 /* OSCKitCore */,
				1D9D4A5A2D42135A00B2202C /* OSCKit */,
			);
			productName = CactOLED;
			productReference = 1DBD36A32D3E0CE40042B3A0 /* CactOLED.app */;
			productType = "com.apple.product-type.application";
		};
		1DBD36B32D3E0CE50042B3A0 /* CactOLEDTests */ = {
			isa = PBXNativeTarget;
			buildConfigurationList = 1DBD36CB2D3E0CE50042B3A0 /* Build configuration list for PBXNativeTarget "CactOLEDTests" */;
			buildPhases = (
				1DBD36B02D3E0CE50042B3A0 /* Sources */,
				1DBD36B12D3E0CE50042B3A0 /* Frameworks */,
				1DBD36B22D3E0CE50042B3A0 /* Resources */,
			);
			buildRules = (
			);
			dependencies = (
				1DBD36B62D3E0CE50042B3A0 /* PBXTargetDependency */,
			);
			fileSystemSynchronizedGroups = (
				1DBD36B72D3E0CE50042B3A0 /* CactOLEDTests */,
			);
			name = CactOLEDTests;
			packageProductDependencies = (
			);
			productName = CactOLEDTests;
			productReference = 1DBD36B42D3E0CE50042B3A0 /* CactOLEDTests.xctest */;
			productType = "com.apple.product-type.bundle.unit-test";
		};
		1DBD36BD2D3E0CE50042B3A0 /* CactOLEDUITests */ = {
			isa = PBXNativeTarget;
			buildConfigurationList = 1DBD36CE2D3E0CE50042B3A0 /* Build configuration list for PBXNativeTarget "CactOLEDUITests" */;
			buildPhases = (
				1DBD36BA2D3E0CE50042B3A0 /* Sources */,
				1DBD36BB2D3E0CE50042B3A0 /* Frameworks */,
				1DBD36BC2D3E0CE50042B3A0 /* Resources */,
			);
			buildRules = (
			);
			dependencies = (
				1DBD36C02D3E0CE50042B3A0 /* PBXTargetDependency */,
			);
			fileSystemSynchronizedGroups = (
				1DBD36C12D3E0CE50042B3A0 /* CactOLEDUITests */,
			);
			name = CactOLEDUITests;
			packageProductDependencies = (
			);
			productName = CactOLEDUITests;
			productReference = 1DBD36BE2D3E0CE50042B3A0 /* CactOLEDUITests.xctest */;
			productType = "com.apple.product-type.bundle.ui-testing";
		};
/* End PBXNativeTarget section */

/* Begin PBXProject section */
		1DBD369B2D3E0CE40042B3A0 /* Project object */ = {
			isa = PBXProject;
			attributes = {
				BuildIndependentTargetsInParallel = 1;
				LastSwiftUpdateCheck = 1610;
				LastUpgradeCheck = 1610;
				TargetAttributes = {
					1DBD36A22D3E0CE40042B3A0 = {
						CreatedOnToolsVersion = 16.1;
					};
					1DBD36B32D3E0CE50042B3A0 = {
						CreatedOnToolsVersion = 16.1;
						TestTargetID = 1DBD36A22D3E0CE40042B3A0;
					};
					1DBD36BD2D3E0CE50042B3A0 = {
						CreatedOnToolsVersion = 16.1;
						TestTargetID = 1DBD36A22D3E0CE40042B3A0;
					};
				};
			};
			buildConfigurationList = 1DBD369E2D3E0CE40042B3A0 /* Build configuration list for PBXProject "CactOLED" */;
			developmentRegion = en;
			hasScannedForEncodings = 0;
			knownRegions = (
				en,
				Base,
			);
			mainGroup = 1DBD369A2D3E0CE40042B3A0;
			minimizedProjectReferenceProxies = 1;
			packageReferences = (
				1D9D4A592D42135A00B2202C /* XCRemoteSwiftPackageReference "OSCKit" */,
			);
			preferredProjectObjectVersion = 77;
			productRefGroup = 1DBD36A42D3E0CE40042B3A0 /* Products */;
			projectDirPath = "";
			projectRoot = "";
			targets = (
				1DBD36A22D3E0CE40042B3A0 /* CactOLED */,
				1DBD36B32D3E0CE50042B3A0 /* CactOLEDTests */,
				1DBD36BD2D3E0CE50042B3A0 /* CactOLEDUITests */,
			);
		};
/* End PBXProject section */

/* Begin PBXResourcesBuildPhase section */
		1DBD36A12D3E0CE40042B3A0 /* Resources */ = {
			isa = PBXResourcesBuildPhase;
			buildActionMask = 2147483647;
			files = (
			);
			runOnlyForDeploymentPostprocessing = 0;
		};
		1DBD36B22D3E0CE50042B3A0 /* Resources */ = {
			isa = PBXResourcesBuildPhase;
			buildActionMask = 2147483647;
			files = (
			);
			runOnlyForDeploymentPostprocessing = 0;
		};
		1DBD36BC2D3E0CE50042B3A0 /* Resources */ = {
			isa = PBXResourcesBuildPhase;
			buildActionMask = 2147483647;
			files = (
			);
			runOnlyForDeploymentPostprocessing = 0;
		};
/* End PBXResourcesBuildPhase section */

/* Begin PBXSourcesBuildPhase section */
		1DBD369F2D3E0CE40042B3A0 /* Sources */ = {
			isa = PBXSourcesBuildPhase;
			buildActionMask = 2147483647;
			files = (
			);
			runOnlyForDeploymentPostprocessing = 0;
		};
		1DBD36B02D3E0CE50042B3A0 /* Sources */ = {
			isa = PBXSourcesBuildPhase;
			buildActionMask = 2147483647;
			files = (
			);
			runOnlyForDeploymentPostprocessing = 0;
		};
		1DBD36BA2D3E0CE50042B3A0 /* Sources */ = {
			isa = PBXSourcesBuildPhase;
			buildActionMask = 2147483647;
			files = (
			);
			runOnlyForDeploymentPostprocessing = 0;
		};
/* End PBXSourcesBuildPhase section */

/* Begin PBXTargetDependency section */
		1DBD36B62D3E0CE50042B3A0 /* PBXTargetDependency */ = {
			isa = PBXTargetDependency;
			target = 1DBD36A22D3E0CE40042B3A0 /* CactOLED */;
			targetProxy = 1DBD36B52D3E0CE50042B3A0 /* PBXContainerItemProxy */;
		};
		1DBD36C02D3E0CE50042B3A0 /* PBXTargetDependency */ = {
			isa = PBXTargetDependency;
			target = 1DBD36A22D3E0CE40042B3A0 /* CactOLED */;
			targetProxy = 1DBD36BF2D3E0CE50042B3A0 /* PBXContainerItemProxy */;
		};
/* End PBXTargetDependency section */

/* Begin XCBuildConfiguration section */
		1DBD36C62D3E0CE50042B3A0 /* Debug */ = {
			isa = XCBuildConfiguration;
			buildSettings = {
				ALWAYS_SEARCH_USER_PATHS = NO;
				ASSETCATALOG_COMPILER_GENERATE_SWIFT_ASSET_SYMBOL_EXTENSIONS = YES;
				CLANG_ANALYZER_NONNULL = YES;
				CLANG_ANALYZER_NUMBER_OBJECT_CONVERSION = YES_AGGRESSIVE;
				CLANG_CXX_LANGUAGE_STANDARD = "gnu++20";
				CLANG_ENABLE_MODULES = YES;
				CLANG_ENABLE_OBJC_ARC = YES;
				CLANG_ENABLE_OBJC_WEAK = YES;
				CLANG_WARN_BLOCK_CAPTURE_AUTORELEASING = YES;
				CLANG_WARN_BOOL_CONVERSION = YES;
				CLANG_WARN_COMMA = YES;
				CLANG_WARN_CONSTANT_CONVERSION = YES;
				CLANG_WARN_DEPRECATED_OBJC_IMPLEMENTATIONS = YES;
				CLANG_WARN_DIRECT_OBJC_ISA_USAGE = YES_ERROR;
				CLANG_WARN_DOCUMENTATION_COMMENTS = YES;
				CLANG_WARN_EMPTY_BODY = YES;
				CLANG_WARN_ENUM_CONVERSION = YES;
				CLANG_WARN_INFINITE_RECURSION = YES;
				CLANG_WARN_INT_CONVERSION = YES;
				CLANG_WARN_NON_LITERAL_NULL_CONVERSION = YES;
				CLANG_WARN_OBJC_IMPLICIT_RETAIN_SELF = YES;
				CLANG_WARN_OBJC_LITERAL_CONVERSION = YES;
				CLANG_WARN_OBJC_ROOT_CLASS = YES_ERROR;
				CLANG_WARN_QUOTED_INCLUDE_IN_FRAMEWORK_HEADER = YES;
				CLANG_WARN_RANGE_LOOP_ANALYSIS = YES;
				CLANG_WARN_STRICT_PROTOTYPES = YES;
				CLANG_WARN_SUSPICIOUS_MOVE = YES;
				CLANG_WARN_UNGUARDED_AVAILABILITY = YES_AGGRESSIVE;
				CLANG_WARN_UNREACHABLE_CODE = YES;
				CLANG_WARN__DUPLICATE_METHOD_MATCH = YES;
				COPY_PHASE_STRIP = NO;
				DEBUG_INFORMATION_FORMAT = dwarf;
				ENABLE_STRICT_OBJC_MSGSEND = YES;
				ENABLE_TESTABILITY = YES;
				ENABLE_USER_SCRIPT_SANDBOXING = YES;
				GCC_C_LANGUAGE_STANDARD = gnu17;
				GCC_DYNAMIC_NO_PIC = NO;
				GCC_NO_COMMON_BLOCKS = YES;
				GCC_OPTIMIZATION_LEVEL = 0;
				GCC_PREPROCESSOR_DEFINITIONS = (
					"DEBUG=1",
					"$(inherited)",
				);
				GCC_WARN_64_TO_32_BIT_CONVERSION = YES;
				GCC_WARN_ABOUT_RETURN_TYPE = YES_ERROR;
				GCC_WARN_UNDECLARED_SELECTOR = YES;
				GCC_WARN_UNINITIALIZED_AUTOS = YES_AGGRESSIVE;
				GCC_WARN_UNUSED_FUNCTION = YES;
				GCC_WARN_UNUSED_VARIABLE = YES;
				LOCALIZATION_PREFERS_STRING_CATALOGS = YES;
				MACOSX_DEPLOYMENT_TARGET = 15.1;
				MTL_ENABLE_DEBUG_INFO = INCLUDE_SOURCE;
				MTL_FAST_MATH = YES;
				ONLY_ACTIVE_ARCH = YES;
				SDKROOT = macosx;
				SWIFT_ACTIVE_COMPILATION_CONDITIONS = "DEBUG $(inherited)";
				SWIFT_OPTIMIZATION_LEVEL = "-Onone";
			};
			name = Debug;
		};
		1DBD36C72D3E0CE50042B3A0 /* Release */ = {
			isa = XCBuildConfiguration;
			buildSettings = {
				ALWAYS_SEARCH_USER_PATHS = NO;
				ASSETCATALOG_COMPILER_GENERATE_SWIFT_ASSET_SYMBOL_EXTENSIONS = YES;
				CLANG_ANALYZER_NONNULL = YES;
				CLANG_ANALYZER_NUMBER_OBJECT_CONVERSION = YES_AGGRESSIVE;
				CLANG_CXX_LANGUAGE_STANDARD = "gnu++20";
				CLANG_ENABLE_MODULES = YES;
				CLANG_ENABLE_OBJC_ARC = YES;
				CLANG_ENABLE_OBJC_WEAK = YES;
				CLANG_WARN_BLOCK_CAPTURE_AUTORELEASING = YES;
				CLANG_WARN_BOOL_CONVERSION = YES;
				CLANG_WARN_COMMA = YES;
				CLANG_WARN_CONSTANT_CONVERSION = YES;
				CLANG_WARN_DEPRECATED_OBJC_IMPLEMENTATIONS = YES;
				CLANG_WARN_DIRECT_OBJC_ISA_USAGE = YES_ERROR;
				CLANG_WARN_DOCUMENTATION_COMMENTS = YES;
				CLANG_WARN_EMPTY_BODY = YES;
				CLANG_WARN_ENUM_CONVERSION = YES;
				CLANG_WARN_INFINITE_RECURSION = YES;
				CLANG_WARN_INT_CONVERSION = YES;
				CLANG_WARN_NON_LITERAL_NULL_CONVERSION = YES;
				CLANG_WARN_OBJC_IMPLICIT_RETAIN_SELF = YES;
				CLANG_WARN_OBJC_LITERAL_CONVERSION = YES;
				CLANG_WARN_OBJC_ROOT_CLASS = YES_ERROR;
				CLANG_WARN_QUOTED_INCLUDE_IN_FRAMEWORK_HEADER = YES;
				CLANG_WARN_RANGE_LOOP_ANALYSIS = YES;
				CLANG_WARN_STRICT_PROTOTYPES = YES;
				CLANG_WARN_SUSPICIOUS_MOVE = YES;
				CLANG_WARN_UNGUARDED_AVAILABILITY = YES_AGGRESSIVE;
				CLANG_WARN_UNREACHABLE_CODE = YES;
				CLANG_WARN__DUPLICATE_METHOD_MATCH = YES;
				COPY_PHASE_STRIP = NO;
				DEBUG_INFORMATION_FORMAT = "dwarf-with-dsym";
				ENABLE_NS_ASSERTIONS = NO;
				ENABLE_STRICT_OBJC_MSGSEND = YES;
				ENABLE_USER_SCRIPT_SANDBOXING = YES;
				GCC_C_LANGUAGE_STANDARD = gnu17;
				GCC_NO_COMMON_BLOCKS = YES;
				GCC_WARN_64_TO_32_BIT_CONVERSION = YES;
				GCC_WARN_ABOUT_RETURN_TYPE = YES_ERROR;
				GCC_WARN_UNDECLARED_SELECTOR = YES;
				GCC_WARN_UNINITIALIZED_AUTOS = YES_AGGRESSIVE;
				GCC_WARN_UNUSED_FUNCTION = YES;
				GCC_WARN_UNUSED_VARIABLE = YES;
				LOCALIZATION_PREFERS_STRING_CATALOGS = YES;
				MACOSX_DEPLOYMENT_TARGET = 15.1;
				MTL_ENABLE_DEBUG_INFO = NO;
				MTL_FAST_MATH = YES;
				SDKROOT = macosx;
				SWIFT_COMPILATION_MODE = wholemodule;
			};
			name = Release;
		};
		1DBD36C92D3E0CE50042B3A0 /* Debug */ = {
			isa = XCBuildConfiguration;
			buildSettings = {
				ASSETCATALOG_COMPILER_APPICON_NAME = AppIcon;
				ASSETCATALOG_COMPILER_GLOBAL_ACCENT_COLOR_NAME = AccentColor;
				CODE_SIGN_ENTITLEMENTS = CactOLED/CactOLED.entitlements;
				CODE_SIGN_STYLE = Automatic;
				COMBINE_HIDPI_IMAGES = YES;
				CURRENT_PROJECT_VERSION = 2;
				DEVELOPMENT_TEAM = PKZDGF65SL;
				ENABLE_HARDENED_RUNTIME = YES;
				GENERATE_INFOPLIST_FILE = YES;
				INFOPLIST_FILE = CactOLED/Info.plist;
				INFOPLIST_KEY_NSHumanReadableCopyright = "";
				INFOPLIST_KEY_NSMainStoryboardFile = Main;
				INFOPLIST_KEY_NSPrincipalClass = NSApplication;
				LD_RUNPATH_SEARCH_PATHS = (
					"$(inherited)",
					"@executable_path/../Frameworks",
				);
				MACOSX_DEPLOYMENT_TARGET = 11.5;
				MARKETING_VERSION = 1.0.1;
				PRODUCT_BUNDLE_IDENTIFIER = com.samesimilar.CactOLED;
				PRODUCT_NAME = "$(TARGET_NAME)";
				SWIFT_EMIT_LOC_STRINGS = YES;
				SWIFT_VERSION = 5.0;
			};
			name = Debug;
		};
		1DBD36CA2D3E0CE50042B3A0 /* Release */ = {
			isa = XCBuildConfiguration;
			buildSettings = {
				ASSETCATALOG_COMPILER_APPICON_NAME = AppIcon;
				ASSETCATALOG_COMPILER_GLOBAL_ACCENT_COLOR_NAME = AccentColor;
				CODE_SIGN_ENTITLEMENTS = CactOLED/CactOLED.entitlements;
				CODE_SIGN_STYLE = Automatic;
				COMBINE_HIDPI_IMAGES = YES;
				CURRENT_PROJECT_VERSION = 2;
				DEVELOPMENT_TEAM = PKZDGF65SL;
				ENABLE_HARDENED_RUNTIME = YES;
				GENERATE_INFOPLIST_FILE = YES;
				INFOPLIST_FILE = CactOLED/Info.plist;
				INFOPLIST_KEY_NSHumanReadableCopyright = "";
				INFOPLIST_KEY_NSMainStoryboardFile = Main;
				INFOPLIST_KEY_NSPrincipalClass = NSApplication;
				LD_RUNPATH_SEARCH_PATHS = (
					"$(inherited)",
					"@executable_path/../Frameworks",
				);
				MACOSX_DEPLOYMENT_TARGET = 11.5;
				MARKETING_VERSION = 1.0.1;
				PRODUCT_BUNDLE_IDENTIFIER = com.samesimilar.CactOLED;
				PRODUCT_NAME = "$(TARGET_NAME)";
				SWIFT_EMIT_LOC_STRINGS = YES;
				SWIFT_VERSION = 5.0;
			};
			name = Release;
		};
		1DBD36CC2D3E0CE50042B3A0 /* Debug */ = {
			isa = XCBuildConfiguration;
			buildSettings = {
				BUNDLE_LOADER = "$(TEST_HOST)";
				CODE_SIGN_STYLE = Automatic;
				CURRENT_PROJECT_VERSION = 1;
				DEVELOPMENT_TEAM = PKZDGF65SL;
				GENERATE_INFOPLIST_FILE = YES;
				MACOSX_DEPLOYMENT_TARGET = 15.1;
				MARKETING_VERSION = 1.0;
				PRODUCT_BUNDLE_IDENTIFIER = com.samesimilar.CactOLEDTests;
				PRODUCT_NAME = "$(TARGET_NAME)";
				SWIFT_EMIT_LOC_STRINGS = NO;
				SWIFT_VERSION = 5.0;
				TEST_HOST = "$(BUILT_PRODUCTS_DIR)/CactOLED.app/$(BUNDLE_EXECUTABLE_FOLDER_PATH)/CactOLED";
			};
			name = Debug;
		};
		1DBD36CD2D3E0CE50042B3A0 /* Release */ = {
			isa = XCBuildConfiguration;
			buildSettings = {
				BUNDLE_LOADER = "$(TEST_HOST)";
				CODE_SIGN_STYLE = Automatic;
				CURRENT_PROJECT_VERSION = 1;
				DEVELOPMENT_TEAM = PKZDGF65SL;
				GENERATE_INFOPLIST_FILE = YES;
				MACOSX_DEPLOYMENT_TARGET = 15.1;
				MARKETING_VERSION = 1.0;
				PRODUCT_BUNDLE_IDENTIFIER = com.samesimilar.CactOLEDTests;
				PRODUCT_NAME = "$(TARGET_NAME)";
				SWIFT_EMIT_LOC_STRINGS = NO;
				SWIFT_VERSION = 5.0;
				TEST_HOST = "$(BUILT_PRODUCTS_DIR)/CactOLED.app/$(BUNDLE_EXECUTABLE_FOLDER_PATH)/CactOLED";
			};
			name = Release;
		};
		1DBD36CF2D3E0CE50042B3A0 /* Debug */ = {
			isa = XCBuildConfiguration;
			buildSettings = {
				CODE_SIGN_STYLE = Automatic;
				CURRENT_PROJECT_VERSION = 1;
				DEVELOPMENT_TEAM = PKZDGF65SL;
				GENERATE_INFOPLIST_FILE = YES;
				MARKETING_VERSION = 1.0;
				PRODUCT_BUNDLE_IDENTIFIER = com.samesimilar.CactOLEDUITests;
				PRODUCT_NAME = "$(TARGET_NAME)";
				SWIFT_EMIT_LOC_STRINGS = NO;
				SWIFT_VERSION = 5.0;
				TEST_TARGET_NAME = CactOLED;
			};
			name = Debug;
		};
		1DBD36D02D3E0CE50042B3A0 /* Release */ = {
			isa = XCBuildConfiguration;
			buildSettings = {
				CODE_SIGN_STYLE = Automatic;
				CURRENT_PROJECT_VERSION = 1;
				DEVELOPMENT_TEAM = PKZDGF65SL;
				GENERATE_INFOPLIST_FILE = YES;
				MARKETING_VERSION = 1.0;
				PRODUCT_BUNDLE_IDENTIFIER = com.samesimilar.CactOLEDUITests;
				PRODUCT_NAME = "$(TARGET_NAME)";
				SWIFT_EMIT_LOC_STRINGS = NO;
				SWIFT_VERSION = 5.0;
				TEST_TARGET_NAME = CactOLED;
			};
			name = Release;
		};
/* End XCBuildConfiguration section */

/* Begin XCConfigurationList section */
		1DBD369E2D3E0CE40042B3A0 /* Build configuration list for PBXProject "CactOLED" */ = {
			isa = XCConfigurationList;
			buildConfigurations = (
				1DBD36C62D3E0CE50042B3A0 /* Debug */,
				1DBD36C72D3E0CE50042B3A0 /* Release */,
			);
			defaultConfigurationIsVisible = 0;
			defaultConfigurationName = Release;
		};
		1DBD36C82D3E0CE50042B3A0 /* Build configuration list for PBXNativeTarget "CactOLED" */ = {
			isa = XCConfigurationList;
			buildConfigurations = (
				1DBD36C92D3E0CE50042B3A0 /* Debug */,
				1DBD36CA2D3E0CE50042B3A0 /* Release */,
			);
			defaultConfigurationIsVisible = 0;
			defaultConfigurationName = Release;
		};
		1DBD36CB2D3E0CE50042B3A0 /* Build configuration list for PBXNativeTarget "CactOLEDTests" */ = {
			isa = XCConfigurationList;
			buildConfigurations = (
				1DBD36CC2D3E0CE50042B3A0 /* Debug */,
				1DBD36CD2D3E0CE50042B3A0 /* Release */,
			);
			defaultConfigurationIsVisible = 0;
			defaultConfigurationName = Release;
		};
		1DBD36CE2D3E0CE50042B3A0 /* Build configuration list for PBXNativeTarget "CactOLEDUITests" */ = {
			isa = XCConfigurationList;
			buildConfigurations = (
				1DBD36CF2D3E0CE50042B3A0 /* Debug */,
				1DBD36D02D3E0CE50042B3A0 /* Release */,
			);
			defaultConfigurationIsVisible = 0;
			defaultConfigurationName = Release;
		};
/* End XCConfigurationList section */

/* Begin XCRemoteSwiftPackageReference section */
		1D9D4A592D42135A00B2202C /* XCRemoteSwiftPackageReference "OSCKit" */ = {
			isa = XCRemoteSwiftPackageReference;
			repositoryURL = "https://github.com/orchetect/OSCKit";
			requirement = {
				kind = exactVersion;
				version = 1.1.0;
			};
		};
/* End XCRemoteSwiftPackageReference section */

/* Begin XCSwiftPackageProductDependency section */
		1D9D4A5A2D42135A00B2202C /* OSCKit */ = {
			isa = XCSwiftPackageProductDependency;
			package = 1D9D4A592D42135A00B2202C /* XCRemoteSwiftPackageReference "OSCKit" */;
			productName = OSCKit;
		};
		1DBD36F22D3F345E0042B3A0 /* OSCKit */ = {
			isa = XCSwiftPackageProductDependency;
			productName = OSCKit;
		};
		1DBD36F42D3F345E0042B3A0 /* OSCKitCore */ = {
			isa = XCSwiftPackageProductDependency;
			productName = OSCKitCore;
		};
		1DF9F9932D4166ED009CA821 /* OSCKit */ = {
			isa = XCSwiftPackageProductDependency;
			productName = OSCKit;
		};
		1DF9F9952D4166ED009CA821 /* OSCKitCore */ = {
			isa = XCSwiftPackageProductDependency;
			productName = OSCKitCore;
		};
/* End XCSwiftPackageProductDependency section */
	};
	rootObject = 1DBD369B2D3E0CE40042B3A0 /* Project object */;
}
