{
  "originHash" : "09004593056713d8a60a786845f520e6827054e6113df0da5996ca04635a488e",
  "pins" : [
    {
      "identity" : "cocoaasyncsocket",
      "kind" : "remoteSourceControl",
      "location" : "https://github.com/robbiehanson/CocoaAsyncSocket",
      "state" : {
        "revision" : "dbdc00669c1ced63b27c3c5f052ee4d28f10150c",
        "version" : "7.6.5"
      }
    },
    {
      "identity" : "osckit",
      "kind" : "remoteSourceControl",
      "location" : "https://github.com/orchetect/OSCKit",
      "state" : {
        "revision" : "9b838f0b795c44317150d099bb972314e87d290d",
        "version" : "1.1.0"
      }
    },
    {
      "identity" : "swiftascii",
      "kind" : "remoteSourceControl",
      "location" : "https://github.com/orchetect/SwiftASCII",
      "state" : {
        "revision" : "9708885ab4c3e6015f5b7b3d546afedd5afc320f",
        "version" : "1.1.5"
      }
    }
  ],
  "version" : 3
}
